
Microsoft Visual Studio Solution File, Format Version 12.00
# Visual Studio Version 17
VisualStudioVersion = 17.11.35312.102
MinimumVisualStudioVersion = 10.0.40219.1
Project("{FAE04EC0-301F-11D3-BF4B-00C04F79EFBC}") = "lab6", "lab6\lab6.csproj", "{EE17D22C-B997-4DC1-A34B-6E88E6726986}"
EndProject
Global
	GlobalSection(SolutionConfigurationPlatforms) = preSolution
		Debug|Any CPU = Debug|Any CPU
		Release|Any CPU = Release|Any CPU
	EndGlobalSection
	GlobalSection(ProjectConfigurationPlatforms) = postSolution
		{EE17D22C-B997-4DC1-A34B-6E88E6726986}.Debug|Any CPU.ActiveCfg = Debug|Any CPU
		{EE17D22C-B997-4DC1-A34B-6E88E6726986}.Debug|Any CPU.Build.0 = Debug|Any CPU
		{EE17D22C-B997-4DC1-A34B-6E88E6726986}.Release|Any CPU.ActiveCfg = Release|Any CPU
		{EE17D22C-B997-4DC1-A34B-6E88E6726986}.Release|Any CPU.Build.0 = Release|Any CPU
	EndGlobalSection
	GlobalSection(SolutionProperties) = preSolution
		HideSolutionNode = FALSE
	EndGlobalSection
	GlobalSection(ExtensibilityGlobals) = postSolution
		SolutionGuid = {EFC87D61-02D6-4E72-AA58-251998C75499}
	EndGlobalSection
EndGlobal
